
Microsoft Visual Studio Solution File, Format Version 12.00
# Visual Studio Version 16
VisualStudioVersion = 16.0.29920.165
MinimumVisualStudioVersion = 10.0.40219.1
Project("{FAE04EC0-301F-11D3-BF4B-00C04F79EFBC}") = "dir-to-json-core", "dir-to-json-core\dir-to-json-core.csproj", "{60642548-0FC8-472A-A222-0A2244AC171C}"
EndProject
Global
	GlobalSection(SolutionConfigurationPlatforms) = preSolution
		Debug|Any CPU = Debug|Any CPU
		Release|Any CPU = Release|Any CPU
	EndGlobalSection
	GlobalSection(ProjectConfigurationPlatforms) = postSolution
		{60642548-0FC8-472A-A222-0A2244AC171C}.Debug|Any CPU.ActiveCfg = Debug|Any CPU
		{60642548-0FC8-472A-A222-0A2244AC171C}.Debug|Any CPU.Build.0 = Debug|Any CPU
		{60642548-0FC8-472A-A222-0A2244AC171C}.Release|Any CPU.ActiveCfg = Release|Any CPU
		{60642548-0FC8-472A-A222-0A2244AC171C}.Release|Any CPU.Build.0 = Release|Any CPU
	EndGlobalSection
	GlobalSection(SolutionProperties) = preSolution
		HideSolutionNode = FALSE
	EndGlobalSection
	GlobalSection(ExtensibilityGlobals) = postSolution
		SolutionGuid = {E8685BB9-4839-42B8-9BA8-8544D08D64EC}
	EndGlobalSection
EndGlobal
